<?xml version="1.0" encoding="utf-8"?>
<Project ToolsVersion="18.0" xmlns="http://schemas.microsoft.com/developer/msbuild/2003">
  <ItemGroup>
    <ClCompile Include="C:\Users\User\OneDrive\Desktop\Foreign-Exchange\backend\tests\order_flow_test.cpp">
      <Filter>Source Files</Filter>
    </ClCompile>
  </ItemGroup>
  <ItemGroup>
    <CustomBuild Include="C:\Users\User\OneDrive\Desktop\Foreign-Exchange\backend\tests\CMakeLists.txt" />
  </ItemGroup>
  <ItemGroup>
    <Filter Include="Source Files">
      <UniqueIdentifier>{B8DB95E6-236F-316F-A8CF-B63CDABAAAD0}</UniqueIdentifier>
    </Filter>
  </ItemGroup>
</Project>
