<?xml version="1.0" encoding="utf-8"?>
<Project ToolsVersion="18.0" xmlns="http://schemas.microsoft.com/developer/msbuild/2003">
  <ItemGroup>
    <CustomBuild Include="C:\Users\User\OneDrive\Desktop\Foreign-Exchange\build-codex\CMakeFiles\c5675518e642c91576e020176959db5f\RUN_TESTS_force.rule">
      <Filter>CMake Rules</Filter>
    </CustomBuild>
  </ItemGroup>
  <ItemGroup>
    <Filter Include="CMake Rules">
      <UniqueIdentifier>{A30EB67E-55EF-3FE4-94BE-7ECA8062AA7F}</UniqueIdentifier>
    </Filter>
  </ItemGroup>
</Project>
