<?xml version="1.0" encoding="utf-8"?>
<Project ToolsVersion="18.0" xmlns="http://schemas.microsoft.com/developer/msbuild/2003">
  <ItemGroup>
    <CustomBuild Include="C:\Users\User\OneDrive\Desktop\Foreign-Exchange\build-local\CMakeFiles\dd82e1bb78a247407f53df935a6d979c\RUN_TESTS_force.rule">
      <Filter>CMake Rules</Filter>
    </CustomBuild>
  </ItemGroup>
  <ItemGroup>
    <Filter Include="CMake Rules">
      <UniqueIdentifier>{20F5C201-A50F-335F-8375-D20BC46F2C06}</UniqueIdentifier>
    </Filter>
  </ItemGroup>
</Project>
